
Microsoft Visual Studio Solution File, Format Version 12.00
# Visual Studio 14
VisualStudioVersion = 14.0.25420.1
MinimumVisualStudioVersion = 10.0.40219.1
Project("{8BC9CEB8-8B4A-11D0-8D11-00A0C91BC942}") = "TwoSum", "TwoSum\TwoSum.vcxproj", "{DC7E8453-B825-45D3-B6D5-D9A16D976FE3}"
EndProject
Project("{8BC9CEB8-8B4A-11D0-8D11-00A0C91BC942}") = "AddTwoNumbers", "AddTwoNumbers\AddTwoNumbers.vcxproj", "{C896758B-0DD2-4C20-B7D2-1D7827FED58C}"
EndProject
Project("{8BC9CEB8-8B4A-11D0-8D11-00A0C91BC942}") = "LongestSubstring", "LongestSubstring\LongestSubstring.vcxproj", "{839979DA-62C7-4585-9C20-37488D1F3488}"
EndProject
Project("{8BC9CEB8-8B4A-11D0-8D11-00A0C91BC942}") = "MedianOfTwoSortedArrays", "MedianOfTwoSortedArrays\MedianOfTwoSortedArrays.vcxproj", "{042C2C20-DA8E-43EC-B166-DC182631A1D6}"
EndProject
Global
	GlobalSection(SolutionConfigurationPlatforms) = preSolution
		Debug|x64 = Debug|x64
		Debug|x86 = Debug|x86
		Release|x64 = Release|x64
		Release|x86 = Release|x86
	EndGlobalSection
	GlobalSection(ProjectConfigurationPlatforms) = postSolution
		{DC7E8453-B825-45D3-B6D5-D9A16D976FE3}.Debug|x64.ActiveCfg = Debug|x64
		{DC7E8453-B825-45D3-B6D5-D9A16D976FE3}.Debug|x64.Build.0 = Debug|x64
		{DC7E8453-B825-45D3-B6D5-D9A16D976FE3}.Debug|x86.ActiveCfg = Debug|Win32
		{DC7E8453-B825-45D3-B6D5-D9A16D976FE3}.Debug|x86.Build.0 = Debug|Win32
		{DC7E8453-B825-45D3-B6D5-D9A16D976FE3}.Release|x64.ActiveCfg = Release|x64
		{DC7E8453-B825-45D3-B6D5-D9A16D976FE3}.Release|x64.Build.0 = Release|x64
		{DC7E8453-B825-45D3-B6D5-D9A16D976FE3}.Release|x86.ActiveCfg = Release|Win32
		{DC7E8453-B825-45D3-B6D5-D9A16D976FE3}.Release|x86.Build.0 = Release|Win32
		{C896758B-0DD2-4C20-B7D2-1D7827FED58C}.Debug|x64.ActiveCfg = Debug|x64
		{C896758B-0DD2-4C20-B7D2-1D7827FED58C}.Debug|x64.Build.0 = Debug|x64
		{C896758B-0DD2-4C20-B7D2-1D7827FED58C}.Debug|x86.ActiveCfg = Debug|Win32
		{C896758B-0DD2-4C20-B7D2-1D7827FED58C}.Debug|x86.Build.0 = Debug|Win32
		{C896758B-0DD2-4C20-B7D2-1D7827FED58C}.Release|x64.ActiveCfg = Release|x64
		{C896758B-0DD2-4C20-B7D2-1D7827FED58C}.Release|x64.Build.0 = Release|x64
		{C896758B-0DD2-4C20-B7D2-1D7827FED58C}.Release|x86.ActiveCfg = Release|Win32
		{C896758B-0DD2-4C20-B7D2-1D7827FED58C}.Release|x86.Build.0 = Release|Win32
		{839979DA-62C7-4585-9C20-37488D1F3488}.Debug|x64.ActiveCfg = Debug|x64
		{839979DA-62C7-4585-9C20-37488D1F3488}.Debug|x64.Build.0 = Debug|x64
		{839979DA-62C7-4585-9C20-37488D1F3488}.Debug|x86.ActiveCfg = Debug|Win32
		{839979DA-62C7-4585-9C20-37488D1F3488}.Debug|x86.Build.0 = Debug|Win32
		{839979DA-62C7-4585-9C20-37488D1F3488}.Release|x64.ActiveCfg = Release|x64
		{839979DA-62C7-4585-9C20-37488D1F3488}.Release|x64.Build.0 = Release|x64
		{839979DA-62C7-4585-9C20-37488D1F3488}.Release|x86.ActiveCfg = Release|Win32
		{839979DA-62C7-4585-9C20-37488D1F3488}.Release|x86.Build.0 = Release|Win32
		{042C2C20-DA8E-43EC-B166-DC182631A1D6}.Debug|x64.ActiveCfg = Debug|x64
		{042C2C20-DA8E-43EC-B166-DC182631A1D6}.Debug|x64.Build.0 = Debug|x64
		{042C2C20-DA8E-43EC-B166-DC182631A1D6}.Debug|x86.ActiveCfg = Debug|Win32
		{042C2C20-DA8E-43EC-B166-DC182631A1D6}.Debug|x86.Build.0 = Debug|Win32
		{042C2C20-DA8E-43EC-B166-DC182631A1D6}.Release|x64.ActiveCfg = Release|x64
		{042C2C20-DA8E-43EC-B166-DC182631A1D6}.Release|x64.Build.0 = Release|x64
		{042C2C20-DA8E-43EC-B166-DC182631A1D6}.Release|x86.ActiveCfg = Release|Win32
		{042C2C20-DA8E-43EC-B166-DC182631A1D6}.Release|x86.Build.0 = Release|Win32
	EndGlobalSection
	GlobalSection(SolutionProperties) = preSolution
		HideSolutionNode = FALSE
	EndGlobalSection
EndGlobal
